{
    "_readme": [
        "This file locks the dependencies of your project to a known state",
        "Read more about it at https://getcomposer.org/doc/01-basic-usage.md#composer-lock-the-lock-file",
        "This file is @generated automatically"
    ],
    "hash": "df97b8188fb6ba98ca299fb78e028873",
    "content-hash": "c9bcfe040e98e41f8ebc5400558b14a1",
    "packages": [
        {
            "name": "testing/lib",
            "version": "dev-master",
            "source": {
                "type": "git",
                "url": "git@github.com:recyger/lib.git",
                "reference": "274eda14c69a8447bea87abe4cdd615d93ef4b3b"
            },
            "dist": {
                "type": "zip",
                "url": "https://api.github.com/repos/recyger/lib/zipball/274eda14c69a8447bea87abe4cdd615d93ef4b3b",
                "reference": "274eda14c69a8447bea87abe4cdd615d93ef4b3b",
                "shasum": ""
            },
            "type": "test-lib",
            "notification-url": "http://packagist.itass.local/downloads/",
            "license": [
                "proprietary"
            ],
            "authors": [
                {
                    "name": "author's name",
                    "email": "email@example.com"
                }
            ],
            "description": "description_text",
            "time": "2016-04-01 11:06:18"
        }
    ],
    "packages-dev": [],
    "aliases": [],
    "minimum-stability": "dev",
    "stability-flags": {
        "testing/lib": 20
    },
    "prefer-stable": false,
    "prefer-lowest": false,
    "platform": [],
    "platform-dev": []
}
